// !$*UTF8*$!
{
	archiveVersion = 1;
	classes = {
	};
	objectVersion = 50;
	objects = {

/* Begin PBXBuildFile section */
		D46E100026E520550098F8BE /* RadioModel.swift in Sources */ = {isa = PBXBuildFile; fileRef = D46E0FFF26E520550098F8BE /* RadioModel.swift */; };
		D4A3888126B9D9C8003BF092 /* cravovia_clientApp.swift in Sources */ = {isa = PBXBuildFile; fileRef = D4A3888026B9D9C8003BF092 /* cravovia_clientApp.swift */; };
		D4A3888326B9D9C8003BF092 /* ContentView.swift in Sources */ = {isa = PBXBuildFile; fileRef = D4A3888226B9D9C8003BF092 /* ContentView.swift */; };
		D4A3888526B9D9CA003BF092 /* Assets.xcassets in Resources */ = {isa = PBXBuildFile; fileRef = D4A3888426B9D9CA003BF092 /* Assets.xcassets */; };
		D4A3888826B9D9CA003BF092 /* Preview Assets.xcassets in Resources */ = {isa = PBXBuildFile; fileRef = D4A3888726B9D9CA003BF092 /* Preview Assets.xcassets */; };
		D4A3889026B9EF34003BF092 /* RadioClientController.swift in Sources */ = {isa = PBXBuildFile; fileRef = D4A3888F26B9EF34003BF092 /* RadioClientController.swift */; };
		D4ECE88A26EE9C6300D7AEE1 /* utils.swift in Sources */ = {isa = PBXBuildFile; fileRef = D4ECE88926EE9C6300D7AEE1 /* utils.swift */; };
/* End PBXBuildFile section */

/* Begin PBXFileReference section */
		D46E0FFF26E520550098F8BE /* RadioModel.swift */ = {isa = PBXFileReference; lastKnownFileType = sourcecode.swift; path = RadioModel.swift; sourceTree = "<group>"; };
		D4A3887D26B9D9C8003BF092 /* cravovia-client.app */ = {isa = PBXFileReference; explicitFileType = wrapper.application; includeInIndex = 0; path = "cravovia-client.app"; sourceTree = BUILT_PRODUCTS_DIR; };
		D4A3888026B9D9C8003BF092 /* cravovia_clientApp.swift */ = {isa = PBXFileReference; lastKnownFileType = sourcecode.swift; path = cravovia_clientApp.swift; sourceTree = "<group>"; };
		D4A3888226B9D9C8003BF092 /* ContentView.swift */ = {isa = PBXFileReference; lastKnownFileType = sourcecode.swift; path = ContentView.swift; sourceTree = "<group>"; };
		D4A3888426B9D9CA003BF092 /* Assets.xcassets */ = {isa = PBXFileReference; lastKnownFileType = folder.assetcatalog; path = Assets.xcassets; sourceTree = "<group>"; };
		D4A3888726B9D9CA003BF092 /* Preview Assets.xcassets */ = {isa = PBXFileReference; lastKnownFileType = folder.assetcatalog; path = "Preview Assets.xcassets"; sourceTree = "<group>"; };
		D4A3888926B9D9CA003BF092 /* Info.plist */ = {isa = PBXFileReference; lastKnownFileType = text.plist.xml; path = Info.plist; sourceTree = "<group>"; };
		D4A3888F26B9EF34003BF092 /* RadioClientController.swift */ = {isa = PBXFileReference; lastKnownFileType = sourcecode.swift; path = RadioClientController.swift; sourceTree = "<group>"; };
		D4ECE88926EE9C6300D7AEE1 /* utils.swift */ = {isa = PBXFileReference; lastKnownFileType = sourcecode.swift; path = utils.swift; sourceTree = "<group>"; };
/* End PBXFileReference section */

/* Begin PBXFrameworksBuildPhase section */
		D4A3887A26B9D9C8003BF092 /* Frameworks */ = {
			isa = PBXFrameworksBuildPhase;
			buildActionMask = 2147483647;
			files = (
			);
			runOnlyForDeploymentPostprocessing = 0;
		};
/* End PBXFrameworksBuildPhase section */

/* Begin PBXGroup section */
		D4A3887426B9D9C8003BF092 = {
			isa = PBXGroup;
			children = (
				D4A3887F26B9D9C8003BF092 /* cravovia-client */,
				D4A3887E26B9D9C8003BF092 /* Products */,
			);
			sourceTree = "<group>";
		};
		D4A3887E26B9D9C8003BF092 /* Products */ = {
			isa = PBXGroup;
			children = (
				D4A3887D26B9D9C8003BF092 /* cravovia-client.app */,
			);
			name = Products;
			sourceTree = "<group>";
		};
		D4A3887F26B9D9C8003BF092 /* cravovia-client */ = {
			isa = PBXGroup;
			children = (
				D4ECE88926EE9C6300D7AEE1 /* utils.swift */,
				D4A3888026B9D9C8003BF092 /* cravovia_clientApp.swift */,
				D4A3888F26B9EF34003BF092 /* RadioClientController.swift */,
				D46E0FFF26E520550098F8BE /* RadioModel.swift */,
				D4A3888226B9D9C8003BF092 /* ContentView.swift */,
				D4A3888426B9D9CA003BF092 /* Assets.xcassets */,
				D4A3888926B9D9CA003BF092 /* Info.plist */,
				D4A3888626B9D9CA003BF092 /* Preview Content */,
			);
			path = "cravovia-client";
			sourceTree = "<group>";
		};
		D4A3888626B9D9CA003BF092 /* Preview Content */ = {
			isa = PBXGroup;
			children = (
				D4A3888726B9D9CA003BF092 /* Preview Assets.xcassets */,
			);
			path = "Preview Content";
			sourceTree = "<group>";
		};
/* End PBXGroup section */

/* Begin PBXNativeTarget section */
		D4A3887C26B9D9C8003BF092 /* cravovia-client */ = {
			isa = PBXNativeTarget;
			buildConfigurationList = D4A3888C26B9D9CA003BF092 /* Build configuration list for PBXNativeTarget "cravovia-client" */;
			buildPhases = (
				D4A3887926B9D9C8003BF092 /* Sources */,
				D4A3887A26B9D9C8003BF092 /* Frameworks */,
				D4A3887B26B9D9C8003BF092 /* Resources */,
			);
			buildRules = (
			);
			dependencies = (
			);
			name = "cravovia-client";
			productName = "cravovia-client";
			productReference = D4A3887D26B9D9C8003BF092 /* cravovia-client.app */;
			productType = "com.apple.product-type.application";
		};
/* End PBXNativeTarget section */

/* Begin PBXProject section */
		D4A3887526B9D9C8003BF092 /* Project object */ = {
			isa = PBXProject;
			attributes = {
				LastSwiftUpdateCheck = 1250;
				LastUpgradeCheck = 1250;
				TargetAttributes = {
					D4A3887C26B9D9C8003BF092 = {
						CreatedOnToolsVersion = 12.5;
					};
				};
			};
			buildConfigurationList = D4A3887826B9D9C8003BF092 /* Build configuration list for PBXProject "cravovia-client" */;
			compatibilityVersion = "Xcode 9.3";
			developmentRegion = en;
			hasScannedForEncodings = 0;
			knownRegions = (
				en,
				Base,
			);
			mainGroup = D4A3887426B9D9C8003BF092;
			productRefGroup = D4A3887E26B9D9C8003BF092 /* Products */;
			projectDirPath = "";
			projectRoot = "";
			targets = (
				D4A3887C26B9D9C8003BF092 /* cravovia-client */,
			);
		};
/* End PBXProject section */

/* Begin PBXResourcesBuildPhase section */
		D4A3887B26B9D9C8003BF092 /* Resources */ = {
			isa = PBXResourcesBuildPhase;
			buildActionMask = 2147483647;
			files = (
				D4A3888826B9D9CA003BF092 /* Preview Assets.xcassets in Resources */,
				D4A3888526B9D9CA003BF092 /* Assets.xcassets in Resources */,
			);
			runOnlyForDeploymentPostprocessing = 0;
		};
/* End PBXResourcesBuildPhase section */

/* Begin PBXSourcesBuildPhase section */
		D4A3887926B9D9C8003BF092 /* Sources */ = {
			isa = PBXSourcesBuildPhase;
			buildActionMask = 2147483647;
			files = (
				D4ECE88A26EE9C6300D7AEE1 /* utils.swift in Sources */,
				D4A3888326B9D9C8003BF092 /* ContentView.swift in Sources */,
				D4A3889026B9EF34003BF092 /* RadioClientController.swift in Sources */,
				D4A3888126B9D9C8003BF092 /* cravovia_clientApp.swift in Sources */,
				D46E100026E520550098F8BE /* RadioModel.swift in Sources */,
			);
			runOnlyForDeploymentPostprocessing = 0;
		};
/* End PBXSourcesBuildPhase section */

/* Begin XCBuildConfiguration section */
		D4A3888A26B9D9CA003BF092 /* Debug */ = {
			isa = XCBuildConfiguration;
			buildSettings = {
				ALWAYS_SEARCH_USER_PATHS = NO;
				CLANG_ANALYZER_NONNULL = YES;
				CLANG_ANALYZER_NUMBER_OBJECT_CONVERSION = YES_AGGRESSIVE;
				CLANG_CXX_LANGUAGE_STANDARD = "gnu++14";
				CLANG_CXX_LIBRARY = "libc++";
				CLANG_ENABLE_MODULES = YES;
				CLANG_ENABLE_OBJC_ARC = YES;
				CLANG_ENABLE_OBJC_WEAK = YES;
				CLANG_WARN_BLOCK_CAPTURE_AUTORELEASING = YES;
				CLANG_WARN_BOOL_CONVERSION = YES;
				CLANG_WARN_COMMA = YES;
				CLANG_WARN_CONSTANT_CONVERSION = YES;
				CLANG_WARN_DEPRECATED_OBJC_IMPLEMENTATIONS = YES;
				CLANG_WARN_DIRECT_OBJC_ISA_USAGE = YES_ERROR;
				CLANG_WARN_DOCUMENTATION_COMMENTS = YES;
				CLANG_WARN_EMPTY_BODY = YES;
				CLANG_WARN_ENUM_CONVERSION = YES;
				CLANG_WARN_INFINITE_RECURSION = YES;
				CLANG_WARN_INT_CONVERSION = YES;
				CLANG_WARN_NON_LITERAL_NULL_CONVERSION = YES;
				CLANG_WARN_OBJC_IMPLICIT_RETAIN_SELF = YES;
				CLANG_WARN_OBJC_LITERAL_CONVERSION = YES;
				CLANG_WARN_OBJC_ROOT_CLASS = YES_ERROR;
				CLANG_WARN_QUOTED_INCLUDE_IN_FRAMEWORK_HEADER = YES;
				CLANG_WARN_RANGE_LOOP_ANALYSIS = YES;
				CLANG_WARN_STRICT_PROTOTYPES = YES;
				CLANG_WARN_SUSPICIOUS_MOVE = YES;
				CLANG_WARN_UNGUARDED_AVAILABILITY = YES_AGGRESSIVE;
				CLANG_WARN_UNREACHABLE_CODE = YES;
				CLANG_WARN__DUPLICATE_METHOD_MATCH = YES;
				COPY_PHASE_STRIP = NO;
				DEBUG_INFORMATION_FORMAT = dwarf;
				ENABLE_STRICT_OBJC_MSGSEND = YES;
				ENABLE_TESTABILITY = YES;
				GCC_C_LANGUAGE_STANDARD = gnu11;
				GCC_DYNAMIC_NO_PIC = NO;
				GCC_NO_COMMON_BLOCKS = YES;
				GCC_OPTIMIZATION_LEVEL = 0;
				GCC_PREPROCESSOR_DEFINITIONS = (
					"DEBUG=1",
					"$(inherited)",
				);
				GCC_WARN_64_TO_32_BIT_CONVERSION = YES;
				GCC_WARN_ABOUT_RETURN_TYPE = YES_ERROR;
				GCC_WARN_UNDECLARED_SELECTOR = YES;
				GCC_WARN_UNINITIALIZED_AUTOS = YES_AGGRESSIVE;
				GCC_WARN_UNUSED_FUNCTION = YES;
				GCC_WARN_UNUSED_VARIABLE = YES;
				IPHONEOS_DEPLOYMENT_TARGET = 14.5;
				MTL_ENABLE_DEBUG_INFO = INCLUDE_SOURCE;
				MTL_FAST_MATH = YES;
				ONLY_ACTIVE_ARCH = YES;
				SDKROOT = iphoneos;
				SWIFT_ACTIVE_COMPILATION_CONDITIONS = DEBUG;
				SWIFT_OPTIMIZATION_LEVEL = "-Onone";
			};
			name = Debug;
		};
		D4A3888B26B9D9CA003BF092 /* Release */ = {
			isa = XCBuildConfiguration;
			buildSettings = {
				ALWAYS_SEARCH_USER_PATHS = NO;
				CLANG_ANALYZER_NONNULL = YES;
				CLANG_ANALYZER_NUMBER_OBJECT_CONVERSION = YES_AGGRESSIVE;
				CLANG_CXX_LANGUAGE_STANDARD = "gnu++14";
				CLANG_CXX_LIBRARY = "libc++";
				CLANG_ENABLE_MODULES = YES;
				CLANG_ENABLE_OBJC_ARC = YES;
				CLANG_ENABLE_OBJC_WEAK = YES;
				CLANG_WARN_BLOCK_CAPTURE_AUTORELEASING = YES;
				CLANG_WARN_BOOL_CONVERSION = YES;
				CLANG_WARN_COMMA = YES;
				CLANG_WARN_CONSTANT_CONVERSION = YES;
				CLANG_WARN_DEPRECATED_OBJC_IMPLEMENTATIONS = YES;
				CLANG_WARN_DIRECT_OBJC_ISA_USAGE = YES_ERROR;
				CLANG_WARN_DOCUMENTATION_COMMENTS = YES;
				CLANG_WARN_EMPTY_BODY = YES;
				CLANG_WARN_ENUM_CONVERSION = YES;
				CLANG_WARN_INFINITE_RECURSION = YES;
				CLANG_WARN_INT_CONVERSION = YES;
				CLANG_WARN_NON_LITERAL_NULL_CONVERSION = YES;
				CLANG_WARN_OBJC_IMPLICIT_RETAIN_SELF = YES;
				CLANG_WARN_OBJC_LITERAL_CONVERSION = YES;
				CLANG_WARN_OBJC_ROOT_CLASS = YES_ERROR;
				CLANG_WARN_QUOTED_INCLUDE_IN_FRAMEWORK_HEADER = YES;
				CLANG_WARN_RANGE_LOOP_ANALYSIS = YES;
				CLANG_WARN_STRICT_PROTOTYPES = YES;
				CLANG_WARN_SUSPICIOUS_MOVE = YES;
				CLANG_WARN_UNGUARDED_AVAILABILITY = YES_AGGRESSIVE;
				CLANG_WARN_UNREACHABLE_CODE = YES;
				CLANG_WARN__DUPLICATE_METHOD_MATCH = YES;
				COPY_PHASE_STRIP = NO;
				DEBUG_INFORMATION_FORMAT = "dwarf-with-dsym";
				ENABLE_NS_ASSERTIONS = NO;
				ENABLE_STRICT_OBJC_MSGSEND = YES;
				GCC_C_LANGUAGE_STANDARD = gnu11;
				GCC_NO_COMMON_BLOCKS = YES;
				GCC_WARN_64_TO_32_BIT_CONVERSION = YES;
				GCC_WARN_ABOUT_RETURN_TYPE = YES_ERROR;
				GCC_WARN_UNDECLARED_SELECTOR = YES;
				GCC_WARN_UNINITIALIZED_AUTOS = YES_AGGRESSIVE;
				GCC_WARN_UNUSED_FUNCTION = YES;
				GCC_WARN_UNUSED_VARIABLE = YES;
				IPHONEOS_DEPLOYMENT_TARGET = 14.5;
				MTL_ENABLE_DEBUG_INFO = NO;
				MTL_FAST_MATH = YES;
				SDKROOT = iphoneos;
				SWIFT_COMPILATION_MODE = wholemodule;
				SWIFT_OPTIMIZATION_LEVEL = "-O";
				VALIDATE_PRODUCT = YES;
			};
			name = Release;
		};
		D4A3888D26B9D9CA003BF092 /* Debug */ = {
			isa = XCBuildConfiguration;
			buildSettings = {
				ASSETCATALOG_COMPILER_APPICON_NAME = AppIcon;
				ASSETCATALOG_COMPILER_GLOBAL_ACCENT_COLOR_NAME = AccentColor;
				CODE_SIGN_STYLE = Automatic;
				DEVELOPMENT_ASSET_PATHS = "\"cravovia-client/Preview Content\"";
				DEVELOPMENT_TEAM = RZ6GXV9XF4;
				ENABLE_PREVIEWS = YES;
				INFOPLIST_FILE = "cravovia-client/Info.plist";
				IPHONEOS_DEPLOYMENT_TARGET = 14.0;
				LD_RUNPATH_SEARCH_PATHS = (
					"$(inherited)",
					"@executable_path/Frameworks",
				);
				PRODUCT_BUNDLE_IDENTIFIER = "xyz.skamy.cravovia-client";
				PRODUCT_NAME = "$(TARGET_NAME)";
				SWIFT_VERSION = 5.0;
				TARGETED_DEVICE_FAMILY = "1,2";
			};
			name = Debug;
		};
		D4A3888E26B9D9CA003BF092 /* Release */ = {
			isa = XCBuildConfiguration;
			buildSettings = {
				ASSETCATALOG_COMPILER_APPICON_NAME = AppIcon;
				ASSETCATALOG_COMPILER_GLOBAL_ACCENT_COLOR_NAME = AccentColor;
				CODE_SIGN_STYLE = Automatic;
				DEVELOPMENT_ASSET_PATHS = "\"cravovia-client/Preview Content\"";
				DEVELOPMENT_TEAM = RZ6GXV9XF4;
				ENABLE_PREVIEWS = YES;
				INFOPLIST_FILE = "cravovia-client/Info.plist";
				IPHONEOS_DEPLOYMENT_TARGET = 14.0;
				LD_RUNPATH_SEARCH_PATHS = (
					"$(inherited)",
					"@executable_path/Frameworks",
				);
				PRODUCT_BUNDLE_IDENTIFIER = "xyz.skamy.cravovia-client";
				PRODUCT_NAME = "$(TARGET_NAME)";
				SWIFT_VERSION = 5.0;
				TARGETED_DEVICE_FAMILY = "1,2";
			};
			name = Release;
		};
/* End XCBuildConfiguration section */

/* Begin XCConfigurationList section */
		D4A3887826B9D9C8003BF092 /* Build configuration list for PBXProject "cravovia-client" */ = {
			isa = XCConfigurationList;
			buildConfigurations = (
				D4A3888A26B9D9CA003BF092 /* Debug */,
				D4A3888B26B9D9CA003BF092 /* Release */,
			);
			defaultConfigurationIsVisible = 0;
			defaultConfigurationName = Release;
		};
		D4A3888C26B9D9CA003BF092 /* Build configuration list for PBXNativeTarget "cravovia-client" */ = {
			isa = XCConfigurationList;
			buildConfigurations = (
				D4A3888D26B9D9CA003BF092 /* Debug */,
				D4A3888E26B9D9CA003BF092 /* Release */,
			);
			defaultConfigurationIsVisible = 0;
			defaultConfigurationName = Release;
		};
/* End XCConfigurationList section */
	};
	rootObject = D4A3887526B9D9C8003BF092 /* Project object */;
}
